
Microsoft Visual Studio Solution File, Format Version 12.00
# Visual Studio 2012
Project("{FAE04EC0-301F-11D3-BF4B-00C04F79EFBC}") = "BoostITiOS", "BoostITiOS\BoostITiOS.csproj", "{761F631B-F6D8-47BC-8D40-613ABB945119}"
EndProject
Global
	GlobalSection(SolutionConfigurationPlatforms) = preSolution
		Debug|iPhoneSimulator = Debug|iPhoneSimulator
		Release|iPhoneSimulator = Release|iPhoneSimulator
		Debug|iPhone = Debug|iPhone
		Release|iPhone = Release|iPhone
		Ad-Hoc|iPhone = Ad-Hoc|iPhone
		AppStore|iPhone = AppStore|iPhone
	EndGlobalSection
	GlobalSection(ProjectConfigurationPlatforms) = postSolution
		{761F631B-F6D8-47BC-8D40-613ABB945119}.Ad-Hoc|iPhone.ActiveCfg = Ad-Hoc|iPhone
		{761F631B-F6D8-47BC-8D40-613ABB945119}.Ad-Hoc|iPhone.Build.0 = Ad-Hoc|iPhone
		{761F631B-F6D8-47BC-8D40-613ABB945119}.AppStore|iPhone.ActiveCfg = AppStore|iPhone
		{761F631B-F6D8-47BC-8D40-613ABB945119}.AppStore|iPhone.Build.0 = AppStore|iPhone
		{761F631B-F6D8-47BC-8D40-613ABB945119}.Debug|iPhone.ActiveCfg = Debug|iPhone
		{761F631B-F6D8-47BC-8D40-613ABB945119}.Debug|iPhone.Build.0 = Debug|iPhone
		{761F631B-F6D8-47BC-8D40-613ABB945119}.Debug|iPhoneSimulator.ActiveCfg = Debug|iPhoneSimulator
		{761F631B-F6D8-47BC-8D40-613ABB945119}.Debug|iPhoneSimulator.Build.0 = Debug|iPhoneSimulator
		{761F631B-F6D8-47BC-8D40-613ABB945119}.Release|iPhone.ActiveCfg = Release|iPhone
		{761F631B-F6D8-47BC-8D40-613ABB945119}.Release|iPhone.Build.0 = Release|iPhone
		{761F631B-F6D8-47BC-8D40-613ABB945119}.Release|iPhoneSimulator.ActiveCfg = Release|iPhoneSimulator
		{761F631B-F6D8-47BC-8D40-613ABB945119}.Release|iPhoneSimulator.Build.0 = Release|iPhoneSimulator
	EndGlobalSection
	GlobalSection(MonoDevelopProperties) = preSolution
		StartupItem = BoostITiOS\BoostITiOS.csproj
	EndGlobalSection
EndGlobal
